
Microsoft Visual Studio Solution File, Format Version 12.00
# Visual Studio Version 16
VisualStudioVersion = 16.0.32106.194
MinimumVisualStudioVersion = 10.0.40219.1
Project("{FAE04EC0-301F-11D3-BF4B-00C04F79EFBC}") = "PR13Files", "PR13Files.csproj", "{FCE0B3D9-D24F-4762-98F9-6FFE2BB4AF60}"
EndProject
Global
	GlobalSection(SolutionConfigurationPlatforms) = preSolution
		Debug|Any CPU = Debug|Any CPU
		Release|Any CPU = Release|Any CPU
	EndGlobalSection
	GlobalSection(ProjectConfigurationPlatforms) = postSolution
		{FCE0B3D9-D24F-4762-98F9-6FFE2BB4AF60}.Debug|Any CPU.ActiveCfg = Debug|Any CPU
		{FCE0B3D9-D24F-4762-98F9-6FFE2BB4AF60}.Debug|Any CPU.Build.0 = Debug|Any CPU
		{FCE0B3D9-D24F-4762-98F9-6FFE2BB4AF60}.Release|Any CPU.ActiveCfg = Release|Any CPU
		{FCE0B3D9-D24F-4762-98F9-6FFE2BB4AF60}.Release|Any CPU.Build.0 = Release|Any CPU
	EndGlobalSection
	GlobalSection(SolutionProperties) = preSolution
		HideSolutionNode = FALSE
	EndGlobalSection
	GlobalSection(ExtensibilityGlobals) = postSolution
		SolutionGuid = {7BFAB380-DCD5-4F3A-B4D1-AD4624E17D95}
	EndGlobalSection
EndGlobal
